
Microsoft Visual Studio Solution File, Format Version 12.00
# Visual Studio 15
Project("{FAE04EC0-301F-11D3-BF4B-00C04F79EFBC}") = "Assembly-CSharp", "Assembly-CSharp.csproj", "{9CAD36F5-2A24-A057-0D67-B426AB8C0C1E}"
EndProject
Project("{FAE04EC0-301F-11D3-BF4B-00C04F79EFBC}") = "Assembly-CSharp-Editor", "Assembly-CSharp-Editor.csproj", "{4907130A-46B8-CF7E-0610-94F98BABA845}"
EndProject
Global
	GlobalSection(SolutionConfigurationPlatforms) = preSolution
		Debug|Any CPU = Debug|Any CPU
		Release|Any CPU = Release|Any CPU
	EndGlobalSection
	GlobalSection(ProjectConfigurationPlatforms) = postSolution
		{9CAD36F5-2A24-A057-0D67-B426AB8C0C1E}.Debug|Any CPU.ActiveCfg = Debug|Any CPU
		{9CAD36F5-2A24-A057-0D67-B426AB8C0C1E}.Debug|Any CPU.Build.0 = Debug|Any CPU
		{9CAD36F5-2A24-A057-0D67-B426AB8C0C1E}.Release|Any CPU.ActiveCfg = Release|Any CPU
		{9CAD36F5-2A24-A057-0D67-B426AB8C0C1E}.Release|Any CPU.Build.0 = Release|Any CPU
		{4907130A-46B8-CF7E-0610-94F98BABA845}.Debug|Any CPU.ActiveCfg = Debug|Any CPU
		{4907130A-46B8-CF7E-0610-94F98BABA845}.Debug|Any CPU.Build.0 = Debug|Any CPU
		{4907130A-46B8-CF7E-0610-94F98BABA845}.Release|Any CPU.ActiveCfg = Release|Any CPU
		{4907130A-46B8-CF7E-0610-94F98BABA845}.Release|Any CPU.Build.0 = Release|Any CPU
	EndGlobalSection
	GlobalSection(SolutionProperties) = preSolution
		HideSolutionNode = FALSE
	EndGlobalSection
EndGlobal
